// !$*UTF8*$!
{
	archiveVersion = 1;
	classes = {
	};
	objectVersion = 55;
	objects = {

/* Begin PBXBuildFile section */
		4928F2DF3DA1510203BB2BB9 /* Pods_ZIMKitDemo.framework in Frameworks */ = {isa = PBXBuildFile; fileRef = 3D59DCDFFAABBAEFA650A3F8 /* Pods_ZIMKitDemo.framework */; };
		86656F4B286C62E40031C59C /* AppDelegate.m in Sources */ = {isa = PBXBuildFile; fileRef = 86656F4A286C62E40031C59C /* AppDelegate.m */; };
		86656F51286C62E40031C59C /* ViewController.m in Sources */ = {isa = PBXBuildFile; fileRef = 86656F50286C62E40031C59C /* ViewController.m */; };
		86656F54286C62E40031C59C /* Main.storyboard in Resources */ = {isa = PBXBuildFile; fileRef = 86656F52286C62E40031C59C /* Main.storyboard */; };
		86656F56286C62E50031C59C /* Assets.xcassets in Resources */ = {isa = PBXBuildFile; fileRef = 86656F55286C62E50031C59C /* Assets.xcassets */; };
		86656F59286C62E50031C59C /* LaunchScreen.storyboard in Resources */ = {isa = PBXBuildFile; fileRef = 86656F57286C62E50031C59C /* LaunchScreen.storyboard */; };
		86656F5C286C62E50031C59C /* main.m in Sources */ = {isa = PBXBuildFile; fileRef = 86656F5B286C62E50031C59C /* main.m */; };
		86656F66286C62E60031C59C /* ZIMKitDemoTests.m in Sources */ = {isa = PBXBuildFile; fileRef = 86656F65286C62E60031C59C /* ZIMKitDemoTests.m */; };
		86656F70286C62E60031C59C /* ZIMKitDemoUITests.m in Sources */ = {isa = PBXBuildFile; fileRef = 86656F6F286C62E60031C59C /* ZIMKitDemoUITests.m */; };
		86656F72286C62E60031C59C /* ZIMKitDemoUITestsLaunchTests.m in Sources */ = {isa = PBXBuildFile; fileRef = 86656F71286C62E60031C59C /* ZIMKitDemoUITestsLaunchTests.m */; };
		86EEDB28286C69F1002E6C29 /* ZIMKitDemoLocal.strings in Resources */ = {isa = PBXBuildFile; fileRef = 86EEDB2A286C69F1002E6C29 /* ZIMKitDemoLocal.strings */; };
		86EEDB31286C6C6C002E6C29 /* KeyCenter.m in Sources */ = {isa = PBXBuildFile; fileRef = 86EEDB2F286C6C6C002E6C29 /* KeyCenter.m */; };
		86EEDB40286C6CFC002E6C29 /* UIView+KitDemo.m in Sources */ = {isa = PBXBuildFile; fileRef = 86EEDB35286C6CFC002E6C29 /* UIView+KitDemo.m */; };
		86EEDB41286C6CFC002E6C29 /* NSObject+KitDemo.m in Sources */ = {isa = PBXBuildFile; fileRef = 86EEDB36286C6CFC002E6C29 /* NSObject+KitDemo.m */; };
		86EEDB42286C6CFC002E6C29 /* ZIMKitDemoNavigationController.m in Sources */ = {isa = PBXBuildFile; fileRef = 86EEDB3A286C6CFC002E6C29 /* ZIMKitDemoNavigationController.m */; };
		86EEDB43286C6CFC002E6C29 /* HelpCenter.m in Sources */ = {isa = PBXBuildFile; fileRef = 86EEDB3D286C6CFC002E6C29 /* HelpCenter.m */; };
		86EEDB44286C6CFC002E6C29 /* UIImage+KitDemo.m in Sources */ = {isa = PBXBuildFile; fileRef = 86EEDB3E286C6CFC002E6C29 /* UIImage+KitDemo.m */; };
		86EEDB45286C6CFC002E6C29 /* NSString+KitDemo.m in Sources */ = {isa = PBXBuildFile; fileRef = 86EEDB3F286C6CFC002E6C29 /* NSString+KitDemo.m */; };
		86EEDB98286C7056002E6C29 /* ConversationController.m in Sources */ = {isa = PBXBuildFile; fileRef = 86EEDB93286C7056002E6C29 /* ConversationController.m */; };
		86EEDBA7286C94F3002E6C29 /* ZegoBadgeButton.m in Sources */ = {isa = PBXBuildFile; fileRef = 86EEDB9E286C94F3002E6C29 /* ZegoBadgeButton.m */; };
		86EEDBA8286C94F3002E6C29 /* ZegoTabBarController.m in Sources */ = {isa = PBXBuildFile; fileRef = 86EEDBA2286C94F3002E6C29 /* ZegoTabBarController.m */; };
		86EEDBA9286C94F3002E6C29 /* ZegoTabBar.m in Sources */ = {isa = PBXBuildFile; fileRef = 86EEDBA4286C94F3002E6C29 /* ZegoTabBar.m */; };
		86EEDBAA286C94F3002E6C29 /* ZegoTabBarButton.m in Sources */ = {isa = PBXBuildFile; fileRef = 86EEDBA5286C94F3002E6C29 /* ZegoTabBarButton.m */; };
		86EEDBAB286C94F3002E6C29 /* ZegoBadgeView.m in Sources */ = {isa = PBXBuildFile; fileRef = 86EEDBA6286C94F3002E6C29 /* ZegoBadgeView.m */; };
		86EEDBAD286C9508002E6C29 /* user_name.txt in Resources */ = {isa = PBXBuildFile; fileRef = 86EEDBAC286C9508002E6C29 /* user_name.txt */; };
		86EEDBB1286C9573002E6C29 /* LoginViewController.m in Sources */ = {isa = PBXBuildFile; fileRef = 86EEDBAF286C9573002E6C29 /* LoginViewController.m */; };
/* End PBXBuildFile section */

/* Begin PBXContainerItemProxy section */
		86656F62286C62E60031C59C /* PBXContainerItemProxy */ = {
			isa = PBXContainerItemProxy;
			containerPortal = 86656F3E286C62E40031C59C /* Project object */;
			proxyType = 1;
			remoteGlobalIDString = 86656F45286C62E40031C59C;
			remoteInfo = ZIMKitDemo;
		};
		86656F6C286C62E60031C59C /* PBXContainerItemProxy */ = {
			isa = PBXContainerItemProxy;
			containerPortal = 86656F3E286C62E40031C59C /* Project object */;
			proxyType = 1;
			remoteGlobalIDString = 86656F45286C62E40031C59C;
			remoteInfo = ZIMKitDemo;
		};
/* End PBXContainerItemProxy section */

/* Begin PBXFileReference section */
		3D59DCDFFAABBAEFA650A3F8 /* Pods_ZIMKitDemo.framework */ = {isa = PBXFileReference; explicitFileType = wrapper.framework; includeInIndex = 0; path = Pods_ZIMKitDemo.framework; sourceTree = BUILT_PRODUCTS_DIR; };
		86656F46286C62E40031C59C /* ZIMKitDemo.app */ = {isa = PBXFileReference; explicitFileType = wrapper.application; includeInIndex = 0; path = ZIMKitDemo.app; sourceTree = BUILT_PRODUCTS_DIR; };
		86656F49286C62E40031C59C /* AppDelegate.h */ = {isa = PBXFileReference; lastKnownFileType = sourcecode.c.h; path = AppDelegate.h; sourceTree = "<group>"; };
		86656F4A286C62E40031C59C /* AppDelegate.m */ = {isa = PBXFileReference; lastKnownFileType = sourcecode.c.objc; path = AppDelegate.m; sourceTree = "<group>"; };
		86656F4F286C62E40031C59C /* ViewController.h */ = {isa = PBXFileReference; lastKnownFileType = sourcecode.c.h; path = ViewController.h; sourceTree = "<group>"; };
		86656F50286C62E40031C59C /* ViewController.m */ = {isa = PBXFileReference; lastKnownFileType = sourcecode.c.objc; path = ViewController.m; sourceTree = "<group>"; };
		86656F53286C62E40031C59C /* Base */ = {isa = PBXFileReference; lastKnownFileType = file.storyboard; name = Base; path = Base.lproj/Main.storyboard; sourceTree = "<group>"; };
		86656F55286C62E50031C59C /* Assets.xcassets */ = {isa = PBXFileReference; lastKnownFileType = folder.assetcatalog; path = Assets.xcassets; sourceTree = "<group>"; };
		86656F58286C62E50031C59C /* Base */ = {isa = PBXFileReference; lastKnownFileType = file.storyboard; name = Base; path = Base.lproj/LaunchScreen.storyboard; sourceTree = "<group>"; };
		86656F5A286C62E50031C59C /* Info.plist */ = {isa = PBXFileReference; lastKnownFileType = text.plist.xml; path = Info.plist; sourceTree = "<group>"; };
		86656F5B286C62E50031C59C /* main.m */ = {isa = PBXFileReference; lastKnownFileType = sourcecode.c.objc; path = main.m; sourceTree = "<group>"; };
		86656F61286C62E60031C59C /* ZIMKitDemoTests.xctest */ = {isa = PBXFileReference; explicitFileType = wrapper.cfbundle; includeInIndex = 0; path = ZIMKitDemoTests.xctest; sourceTree = BUILT_PRODUCTS_DIR; };
		86656F65286C62E60031C59C /* ZIMKitDemoTests.m */ = {isa = PBXFileReference; lastKnownFileType = sourcecode.c.objc; path = ZIMKitDemoTests.m; sourceTree = "<group>"; };
		86656F6B286C62E60031C59C /* ZIMKitDemoUITests.xctest */ = {isa = PBXFileReference; explicitFileType = wrapper.cfbundle; includeInIndex = 0; path = ZIMKitDemoUITests.xctest; sourceTree = BUILT_PRODUCTS_DIR; };
		86656F6F286C62E60031C59C /* ZIMKitDemoUITests.m */ = {isa = PBXFileReference; lastKnownFileType = sourcecode.c.objc; path = ZIMKitDemoUITests.m; sourceTree = "<group>"; };
		86656F71286C62E60031C59C /* ZIMKitDemoUITestsLaunchTests.m */ = {isa = PBXFileReference; lastKnownFileType = sourcecode.c.objc; path = ZIMKitDemoUITestsLaunchTests.m; sourceTree = "<group>"; };
		86EEDB29286C69F1002E6C29 /* en */ = {isa = PBXFileReference; lastKnownFileType = text.plist.strings; name = en; path = en.lproj/ZIMKitDemoLocal.strings; sourceTree = "<group>"; };
		86EEDB2B286C6A16002E6C29 /* zh-Hans */ = {isa = PBXFileReference; lastKnownFileType = text.plist.strings; name = "zh-Hans"; path = "zh-Hans.lproj/Main.strings"; sourceTree = "<group>"; };
		86EEDB2C286C6A16002E6C29 /* zh-Hans */ = {isa = PBXFileReference; lastKnownFileType = text.plist.strings; name = "zh-Hans"; path = "zh-Hans.lproj/LaunchScreen.strings"; sourceTree = "<group>"; };
		86EEDB2D286C6A16002E6C29 /* zh-Hans */ = {isa = PBXFileReference; lastKnownFileType = text.plist.strings; name = "zh-Hans"; path = "zh-Hans.lproj/ZIMKitDemoLocal.strings"; sourceTree = "<group>"; };
		86EEDB2F286C6C6C002E6C29 /* KeyCenter.m */ = {isa = PBXFileReference; fileEncoding = 4; lastKnownFileType = sourcecode.c.objc; path = KeyCenter.m; sourceTree = "<group>"; };
		86EEDB30286C6C6C002E6C29 /* KeyCenter.h */ = {isa = PBXFileReference; fileEncoding = 4; lastKnownFileType = sourcecode.c.h; path = KeyCenter.h; sourceTree = "<group>"; };
		86EEDB32286C6C9C002E6C29 /* ZIMKitDemoPrefixHeader.pch */ = {isa = PBXFileReference; fileEncoding = 4; lastKnownFileType = sourcecode.c.h; path = ZIMKitDemoPrefixHeader.pch; sourceTree = "<group>"; };
		86EEDB34286C6CFC002E6C29 /* ZIMKitDemoNavigationController.h */ = {isa = PBXFileReference; fileEncoding = 4; lastKnownFileType = sourcecode.c.h; path = ZIMKitDemoNavigationController.h; sourceTree = "<group>"; };
		86EEDB35286C6CFC002E6C29 /* UIView+KitDemo.m */ = {isa = PBXFileReference; fileEncoding = 4; lastKnownFileType = sourcecode.c.objc; path = "UIView+KitDemo.m"; sourceTree = "<group>"; };
		86EEDB36286C6CFC002E6C29 /* NSObject+KitDemo.m */ = {isa = PBXFileReference; fileEncoding = 4; lastKnownFileType = sourcecode.c.objc; path = "NSObject+KitDemo.m"; sourceTree = "<group>"; };
		86EEDB37286C6CFC002E6C29 /* HelpCenter.h */ = {isa = PBXFileReference; fileEncoding = 4; lastKnownFileType = sourcecode.c.h; path = HelpCenter.h; sourceTree = "<group>"; };
		86EEDB38286C6CFC002E6C29 /* NSString+KitDemo.h */ = {isa = PBXFileReference; fileEncoding = 4; lastKnownFileType = sourcecode.c.h; path = "NSString+KitDemo.h"; sourceTree = "<group>"; };
		86EEDB39286C6CFC002E6C29 /* UIImage+KitDemo.h */ = {isa = PBXFileReference; fileEncoding = 4; lastKnownFileType = sourcecode.c.h; path = "UIImage+KitDemo.h"; sourceTree = "<group>"; };
		86EEDB3A286C6CFC002E6C29 /* ZIMKitDemoNavigationController.m */ = {isa = PBXFileReference; fileEncoding = 4; lastKnownFileType = sourcecode.c.objc; path = ZIMKitDemoNavigationController.m; sourceTree = "<group>"; };
		86EEDB3B286C6CFC002E6C29 /* NSObject+KitDemo.h */ = {isa = PBXFileReference; fileEncoding = 4; lastKnownFileType = sourcecode.c.h; path = "NSObject+KitDemo.h"; sourceTree = "<group>"; };
		86EEDB3C286C6CFC002E6C29 /* UIView+KitDemo.h */ = {isa = PBXFileReference; fileEncoding = 4; lastKnownFileType = sourcecode.c.h; path = "UIView+KitDemo.h"; sourceTree = "<group>"; };
		86EEDB3D286C6CFC002E6C29 /* HelpCenter.m */ = {isa = PBXFileReference; fileEncoding = 4; lastKnownFileType = sourcecode.c.objc; path = HelpCenter.m; sourceTree = "<group>"; };
		86EEDB3E286C6CFC002E6C29 /* UIImage+KitDemo.m */ = {isa = PBXFileReference; fileEncoding = 4; lastKnownFileType = sourcecode.c.objc; path = "UIImage+KitDemo.m"; sourceTree = "<group>"; };
		86EEDB3F286C6CFC002E6C29 /* NSString+KitDemo.m */ = {isa = PBXFileReference; fileEncoding = 4; lastKnownFileType = sourcecode.c.objc; path = "NSString+KitDemo.m"; sourceTree = "<group>"; };
		86EEDB93286C7056002E6C29 /* ConversationController.m */ = {isa = PBXFileReference; fileEncoding = 4; lastKnownFileType = sourcecode.c.objc; path = ConversationController.m; sourceTree = "<group>"; };
		86EEDB97286C7056002E6C29 /* ConversationController.h */ = {isa = PBXFileReference; fileEncoding = 4; lastKnownFileType = sourcecode.c.h; path = ConversationController.h; sourceTree = "<group>"; };
		86EEDB9D286C94F3002E6C29 /* ZegoTabBarController.h */ = {isa = PBXFileReference; fileEncoding = 4; lastKnownFileType = sourcecode.c.h; path = ZegoTabBarController.h; sourceTree = "<group>"; };
		86EEDB9E286C94F3002E6C29 /* ZegoBadgeButton.m */ = {isa = PBXFileReference; fileEncoding = 4; lastKnownFileType = sourcecode.c.objc; path = ZegoBadgeButton.m; sourceTree = "<group>"; };
		86EEDB9F286C94F3002E6C29 /* ZegoTabBar.h */ = {isa = PBXFileReference; fileEncoding = 4; lastKnownFileType = sourcecode.c.h; path = ZegoTabBar.h; sourceTree = "<group>"; };
		86EEDBA0286C94F3002E6C29 /* ZegoTabBarButton.h */ = {isa = PBXFileReference; fileEncoding = 4; lastKnownFileType = sourcecode.c.h; path = ZegoTabBarButton.h; sourceTree = "<group>"; };
		86EEDBA1286C94F3002E6C29 /* ZegoBadgeView.h */ = {isa = PBXFileReference; fileEncoding = 4; lastKnownFileType = sourcecode.c.h; path = ZegoBadgeView.h; sourceTree = "<group>"; };
		86EEDBA2286C94F3002E6C29 /* ZegoTabBarController.m */ = {isa = PBXFileReference; fileEncoding = 4; lastKnownFileType = sourcecode.c.objc; path = ZegoTabBarController.m; sourceTree = "<group>"; };
		86EEDBA3286C94F3002E6C29 /* ZegoBadgeButton.h */ = {isa = PBXFileReference; fileEncoding = 4; lastKnownFileType = sourcecode.c.h; path = ZegoBadgeButton.h; sourceTree = "<group>"; };
		86EEDBA4286C94F3002E6C29 /* ZegoTabBar.m */ = {isa = PBXFileReference; fileEncoding = 4; lastKnownFileType = sourcecode.c.objc; path = ZegoTabBar.m; sourceTree = "<group>"; };
		86EEDBA5286C94F3002E6C29 /* ZegoTabBarButton.m */ = {isa = PBXFileReference; fileEncoding = 4; lastKnownFileType = sourcecode.c.objc; path = ZegoTabBarButton.m; sourceTree = "<group>"; };
		86EEDBA6286C94F3002E6C29 /* ZegoBadgeView.m */ = {isa = PBXFileReference; fileEncoding = 4; lastKnownFileType = sourcecode.c.objc; path = ZegoBadgeView.m; sourceTree = "<group>"; };
		86EEDBAC286C9508002E6C29 /* user_name.txt */ = {isa = PBXFileReference; fileEncoding = 4; lastKnownFileType = text; path = user_name.txt; sourceTree = "<group>"; };
		86EEDBAF286C9573002E6C29 /* LoginViewController.m */ = {isa = PBXFileReference; fileEncoding = 4; lastKnownFileType = sourcecode.c.objc; path = LoginViewController.m; sourceTree = "<group>"; };
		86EEDBB0286C9573002E6C29 /* LoginViewController.h */ = {isa = PBXFileReference; fileEncoding = 4; lastKnownFileType = sourcecode.c.h; path = LoginViewController.h; sourceTree = "<group>"; };
		B3B4F0B15698C4BC5FB00C3C /* Pods-ZIMKitDemo.release.xcconfig */ = {isa = PBXFileReference; includeInIndex = 1; lastKnownFileType = text.xcconfig; name = "Pods-ZIMKitDemo.release.xcconfig"; path = "Target Support Files/Pods-ZIMKitDemo/Pods-ZIMKitDemo.release.xcconfig"; sourceTree = "<group>"; };
		F763D6D648C4B1C9DBA42F67 /* Pods-ZIMKitDemo.debug.xcconfig */ = {isa = PBXFileReference; includeInIndex = 1; lastKnownFileType = text.xcconfig; name = "Pods-ZIMKitDemo.debug.xcconfig"; path = "Target Support Files/Pods-ZIMKitDemo/Pods-ZIMKitDemo.debug.xcconfig"; sourceTree = "<group>"; };
/* End PBXFileReference section */

/* Begin PBXFrameworksBuildPhase section */
		86656F43286C62E40031C59C /* Frameworks */ = {
			isa = PBXFrameworksBuildPhase;
			buildActionMask = 2147483647;
			files = (
				4928F2DF3DA1510203BB2BB9 /* Pods_ZIMKitDemo.framework in Frameworks */,
			);
			runOnlyForDeploymentPostprocessing = 0;
		};
		86656F5E286C62E60031C59C /* Frameworks */ = {
			isa = PBXFrameworksBuildPhase;
			buildActionMask = 2147483647;
			files = (
			);
			runOnlyForDeploymentPostprocessing = 0;
		};
		86656F68286C62E60031C59C /* Frameworks */ = {
			isa = PBXFrameworksBuildPhase;
			buildActionMask = 2147483647;
			files = (
			);
			runOnlyForDeploymentPostprocessing = 0;
		};
/* End PBXFrameworksBuildPhase section */

/* Begin PBXGroup section */
		86656F3D286C62E40031C59C = {
			isa = PBXGroup;
			children = (
				86656F48286C62E40031C59C /* ZIMKitDemo */,
				86656F64286C62E60031C59C /* ZIMKitDemoTests */,
				86656F6E286C62E60031C59C /* ZIMKitDemoUITests */,
				86656F47286C62E40031C59C /* Products */,
				D24F4E46D8B396E679CB986C /* Pods */,
				D66D9BD0FE375ABE68EA7A2E /* Frameworks */,
			);
			sourceTree = "<group>";
		};
		86656F47286C62E40031C59C /* Products */ = {
			isa = PBXGroup;
			children = (
				86656F46286C62E40031C59C /* ZIMKitDemo.app */,
				86656F61286C62E60031C59C /* ZIMKitDemoTests.xctest */,
				86656F6B286C62E60031C59C /* ZIMKitDemoUITests.xctest */,
			);
			name = Products;
			sourceTree = "<group>";
		};
		86656F48286C62E40031C59C /* ZIMKitDemo */ = {
			isa = PBXGroup;
			children = (
				86EEDBAC286C9508002E6C29 /* user_name.txt */,
				86EEDB9C286C94F3002E6C29 /* Tabbar */,
				86EEDB92286C7056002E6C29 /* Conversation */,
				86EEDB2E286C6C6C002E6C29 /* KeyCenter */,
				86656F49286C62E40031C59C /* AppDelegate.h */,
				86656F4A286C62E40031C59C /* AppDelegate.m */,
				86656F4F286C62E40031C59C /* ViewController.h */,
				86656F50286C62E40031C59C /* ViewController.m */,
				86EEDB32286C6C9C002E6C29 /* ZIMKitDemoPrefixHeader.pch */,
				86EEDBAE286C9573002E6C29 /* Login */,
				86EEDB33286C6CFC002E6C29 /* Util */,
				86656F52286C62E40031C59C /* Main.storyboard */,
				86656F55286C62E50031C59C /* Assets.xcassets */,
				86656F57286C62E50031C59C /* LaunchScreen.storyboard */,
				86656F5A286C62E50031C59C /* Info.plist */,
				86656F5B286C62E50031C59C /* main.m */,
				86EEDB2A286C69F1002E6C29 /* ZIMKitDemoLocal.strings */,
			);
			path = ZIMKitDemo;
			sourceTree = "<group>";
		};
		86656F64286C62E60031C59C /* ZIMKitDemoTests */ = {
			isa = PBXGroup;
			children = (
				86656F65286C62E60031C59C /* ZIMKitDemoTests.m */,
			);
			path = ZIMKitDemoTests;
			sourceTree = "<group>";
		};
		86656F6E286C62E60031C59C /* ZIMKitDemoUITests */ = {
			isa = PBXGroup;
			children = (
				86656F6F286C62E60031C59C /* ZIMKitDemoUITests.m */,
				86656F71286C62E60031C59C /* ZIMKitDemoUITestsLaunchTests.m */,
			);
			path = ZIMKitDemoUITests;
			sourceTree = "<group>";
		};
		86EEDB2E286C6C6C002E6C29 /* KeyCenter */ = {
			isa = PBXGroup;
			children = (
				86EEDB2F286C6C6C002E6C29 /* KeyCenter.m */,
				86EEDB30286C6C6C002E6C29 /* KeyCenter.h */,
			);
			path = KeyCenter;
			sourceTree = "<group>";
		};
		86EEDB33286C6CFC002E6C29 /* Util */ = {
			isa = PBXGroup;
			children = (
				86EEDB37286C6CFC002E6C29 /* HelpCenter.h */,
				86EEDB3D286C6CFC002E6C29 /* HelpCenter.m */,
				86EEDB3B286C6CFC002E6C29 /* NSObject+KitDemo.h */,
				86EEDB36286C6CFC002E6C29 /* NSObject+KitDemo.m */,
				86EEDB38286C6CFC002E6C29 /* NSString+KitDemo.h */,
				86EEDB3F286C6CFC002E6C29 /* NSString+KitDemo.m */,
				86EEDB39286C6CFC002E6C29 /* UIImage+KitDemo.h */,
				86EEDB3E286C6CFC002E6C29 /* UIImage+KitDemo.m */,
				86EEDB3C286C6CFC002E6C29 /* UIView+KitDemo.h */,
				86EEDB35286C6CFC002E6C29 /* UIView+KitDemo.m */,
				86EEDB34286C6CFC002E6C29 /* ZIMKitDemoNavigationController.h */,
				86EEDB3A286C6CFC002E6C29 /* ZIMKitDemoNavigationController.m */,
			);
			path = Util;
			sourceTree = "<group>";
		};
		86EEDB92286C7056002E6C29 /* Conversation */ = {
			isa = PBXGroup;
			children = (
				86EEDB93286C7056002E6C29 /* ConversationController.m */,
				86EEDB97286C7056002E6C29 /* ConversationController.h */,
			);
			path = Conversation;
			sourceTree = "<group>";
		};
		86EEDB9C286C94F3002E6C29 /* Tabbar */ = {
			isa = PBXGroup;
			children = (
				86EEDBA3286C94F3002E6C29 /* ZegoBadgeButton.h */,
				86EEDB9E286C94F3002E6C29 /* ZegoBadgeButton.m */,
				86EEDBA1286C94F3002E6C29 /* ZegoBadgeView.h */,
				86EEDBA6286C94F3002E6C29 /* ZegoBadgeView.m */,
				86EEDB9F286C94F3002E6C29 /* ZegoTabBar.h */,
				86EEDBA4286C94F3002E6C29 /* ZegoTabBar.m */,
				86EEDBA0286C94F3002E6C29 /* ZegoTabBarButton.h */,
				86EEDBA5286C94F3002E6C29 /* ZegoTabBarButton.m */,
				86EEDB9D286C94F3002E6C29 /* ZegoTabBarController.h */,
				86EEDBA2286C94F3002E6C29 /* ZegoTabBarController.m */,
			);
			path = Tabbar;
			sourceTree = "<group>";
		};
		86EEDBAE286C9573002E6C29 /* Login */ = {
			isa = PBXGroup;
			children = (
				86EEDBAF286C9573002E6C29 /* LoginViewController.m */,
				86EEDBB0286C9573002E6C29 /* LoginViewController.h */,
			);
			name = Login;
			path = ZIMKitDemo/Login;
			sourceTree = SOURCE_ROOT;
		};
		D24F4E46D8B396E679CB986C /* Pods */ = {
			isa = PBXGroup;
			children = (
				F763D6D648C4B1C9DBA42F67 /* Pods-ZIMKitDemo.debug.xcconfig */,
				B3B4F0B15698C4BC5FB00C3C /* Pods-ZIMKitDemo.release.xcconfig */,
			);
			path = Pods;
			sourceTree = "<group>";
		};
		D66D9BD0FE375ABE68EA7A2E /* Frameworks */ = {
			isa = PBXGroup;
			children = (
				3D59DCDFFAABBAEFA650A3F8 /* Pods_ZIMKitDemo.framework */,
			);
			name = Frameworks;
			sourceTree = "<group>";
		};
/* End PBXGroup section */

/* Begin PBXNativeTarget section */
		86656F45286C62E40031C59C /* ZIMKitDemo */ = {
			isa = PBXNativeTarget;
			buildConfigurationList = 86656F75286C62E60031C59C /* Build configuration list for PBXNativeTarget "ZIMKitDemo" */;
			buildPhases = (
				EF6121F37A0676E04B4E70CB /* [CP] Check Pods Manifest.lock */,
				86656F42286C62E40031C59C /* Sources */,
				86656F43286C62E40031C59C /* Frameworks */,
				86656F44286C62E40031C59C /* Resources */,
				CCE10BEE552358D1030D471E /* [CP] Embed Pods Frameworks */,
			);
			buildRules = (
			);
			dependencies = (
			);
			name = ZIMKitDemo;
			productName = ZIMKitDemo;
			productReference = 86656F46286C62E40031C59C /* ZIMKitDemo.app */;
			productType = "com.apple.product-type.application";
		};
		86656F60286C62E60031C59C /* ZIMKitDemoTests */ = {
			isa = PBXNativeTarget;
			buildConfigurationList = 86656F78286C62E60031C59C /* Build configuration list for PBXNativeTarget "ZIMKitDemoTests" */;
			buildPhases = (
				86656F5D286C62E60031C59C /* Sources */,
				86656F5E286C62E60031C59C /* Frameworks */,
				86656F5F286C62E60031C59C /* Resources */,
			);
			buildRules = (
			);
			dependencies = (
				86656F63286C62E60031C59C /* PBXTargetDependency */,
			);
			name = ZIMKitDemoTests;
			productName = ZIMKitDemoTests;
			productReference = 86656F61286C62E60031C59C /* ZIMKitDemoTests.xctest */;
			productType = "com.apple.product-type.bundle.unit-test";
		};
		86656F6A286C62E60031C59C /* ZIMKitDemoUITests */ = {
			isa = PBXNativeTarget;
			buildConfigurationList = 86656F7B286C62E60031C59C /* Build configuration list for PBXNativeTarget "ZIMKitDemoUITests" */;
			buildPhases = (
				86656F67286C62E60031C59C /* Sources */,
				86656F68286C62E60031C59C /* Frameworks */,
				86656F69286C62E60031C59C /* Resources */,
			);
			buildRules = (
			);
			dependencies = (
				86656F6D286C62E60031C59C /* PBXTargetDependency */,
			);
			name = ZIMKitDemoUITests;
			productName = ZIMKitDemoUITests;
			productReference = 86656F6B286C62E60031C59C /* ZIMKitDemoUITests.xctest */;
			productType = "com.apple.product-type.bundle.ui-testing";
		};
/* End PBXNativeTarget section */

/* Begin PBXProject section */
		86656F3E286C62E40031C59C /* Project object */ = {
			isa = PBXProject;
			attributes = {
				BuildIndependentTargetsInParallel = 1;
				LastUpgradeCheck = 1320;
				TargetAttributes = {
					86656F45286C62E40031C59C = {
						CreatedOnToolsVersion = 13.2.1;
					};
					86656F60286C62E60031C59C = {
						CreatedOnToolsVersion = 13.2.1;
						TestTargetID = 86656F45286C62E40031C59C;
					};
					86656F6A286C62E60031C59C = {
						CreatedOnToolsVersion = 13.2.1;
						TestTargetID = 86656F45286C62E40031C59C;
					};
				};
			};
			buildConfigurationList = 86656F41286C62E40031C59C /* Build configuration list for PBXProject "ZIMKitDemo" */;
			compatibilityVersion = "Xcode 13.0";
			developmentRegion = en;
			hasScannedForEncodings = 0;
			knownRegions = (
				en,
				Base,
				"zh-Hans",
			);
			mainGroup = 86656F3D286C62E40031C59C;
			productRefGroup = 86656F47286C62E40031C59C /* Products */;
			projectDirPath = "";
			projectRoot = "";
			targets = (
				86656F45286C62E40031C59C /* ZIMKitDemo */,
				86656F60286C62E60031C59C /* ZIMKitDemoTests */,
				86656F6A286C62E60031C59C /* ZIMKitDemoUITests */,
			);
		};
/* End PBXProject section */

/* Begin PBXResourcesBuildPhase section */
		86656F44286C62E40031C59C /* Resources */ = {
			isa = PBXResourcesBuildPhase;
			buildActionMask = 2147483647;
			files = (
				86EEDBAD286C9508002E6C29 /* user_name.txt in Resources */,
				86656F59286C62E50031C59C /* LaunchScreen.storyboard in Resources */,
				86656F56286C62E50031C59C /* Assets.xcassets in Resources */,
				86656F54286C62E40031C59C /* Main.storyboard in Resources */,
				86EEDB28286C69F1002E6C29 /* ZIMKitDemoLocal.strings in Resources */,
			);
			runOnlyForDeploymentPostprocessing = 0;
		};
		86656F5F286C62E60031C59C /* Resources */ = {
			isa = PBXResourcesBuildPhase;
			buildActionMask = 2147483647;
			files = (
			);
			runOnlyForDeploymentPostprocessing = 0;
		};
		86656F69286C62E60031C59C /* Resources */ = {
			isa = PBXResourcesBuildPhase;
			buildActionMask = 2147483647;
			files = (
			);
			runOnlyForDeploymentPostprocessing = 0;
		};
/* End PBXResourcesBuildPhase section */

/* Begin PBXShellScriptBuildPhase section */
		CCE10BEE552358D1030D471E /* [CP] Embed Pods Frameworks */ = {
			isa = PBXShellScriptBuildPhase;
			buildActionMask = 2147483647;
			files = (
			);
			inputFileListPaths = (
				"${PODS_ROOT}/Target Support Files/Pods-ZIMKitDemo/Pods-ZIMKitDemo-frameworks-${CONFIGURATION}-input-files.xcfilelist",
			);
			name = "[CP] Embed Pods Frameworks";
			outputFileListPaths = (
				"${PODS_ROOT}/Target Support Files/Pods-ZIMKitDemo/Pods-ZIMKitDemo-frameworks-${CONFIGURATION}-output-files.xcfilelist",
			);
			runOnlyForDeploymentPostprocessing = 0;
			shellPath = /bin/sh;
			shellScript = "\"${PODS_ROOT}/Target Support Files/Pods-ZIMKitDemo/Pods-ZIMKitDemo-frameworks.sh\"\n";
			showEnvVarsInLog = 0;
		};
		EF6121F37A0676E04B4E70CB /* [CP] Check Pods Manifest.lock */ = {
			isa = PBXShellScriptBuildPhase;
			buildActionMask = 2147483647;
			files = (
			);
			inputFileListPaths = (
			);
			inputPaths = (
				"${PODS_PODFILE_DIR_PATH}/Podfile.lock",
				"${PODS_ROOT}/Manifest.lock",
			);
			name = "[CP] Check Pods Manifest.lock";
			outputFileListPaths = (
			);
			outputPaths = (
				"$(DERIVED_FILE_DIR)/Pods-ZIMKitDemo-checkManifestLockResult.txt",
			);
			runOnlyForDeploymentPostprocessing = 0;
			shellPath = /bin/sh;
			shellScript = "diff \"${PODS_PODFILE_DIR_PATH}/Podfile.lock\" \"${PODS_ROOT}/Manifest.lock\" > /dev/null\nif [ $? != 0 ] ; then\n    # print error to STDERR\n    echo \"error: The sandbox is not in sync with the Podfile.lock. Run 'pod install' or update your CocoaPods installation.\" >&2\n    exit 1\nfi\n# This output is used by Xcode 'outputs' to avoid re-running this script phase.\necho \"SUCCESS\" > \"${SCRIPT_OUTPUT_FILE_0}\"\n";
			showEnvVarsInLog = 0;
		};
/* End PBXShellScriptBuildPhase section */

/* Begin PBXSourcesBuildPhase section */
		86656F42286C62E40031C59C /* Sources */ = {
			isa = PBXSourcesBuildPhase;
			buildActionMask = 2147483647;
			files = (
				86EEDB31286C6C6C002E6C29 /* KeyCenter.m in Sources */,
				86EEDB40286C6CFC002E6C29 /* UIView+KitDemo.m in Sources */,
				86EEDBB1286C9573002E6C29 /* LoginViewController.m in Sources */,
				86656F51286C62E40031C59C /* ViewController.m in Sources */,
				86EEDB44286C6CFC002E6C29 /* UIImage+KitDemo.m in Sources */,
				86656F4B286C62E40031C59C /* AppDelegate.m in Sources */,
				86EEDB45286C6CFC002E6C29 /* NSString+KitDemo.m in Sources */,
				86EEDBA9286C94F3002E6C29 /* ZegoTabBar.m in Sources */,
				86EEDBA7286C94F3002E6C29 /* ZegoBadgeButton.m in Sources */,
				86EEDBA8286C94F3002E6C29 /* ZegoTabBarController.m in Sources */,
				86EEDB42286C6CFC002E6C29 /* ZIMKitDemoNavigationController.m in Sources */,
				86EEDBAB286C94F3002E6C29 /* ZegoBadgeView.m in Sources */,
				86656F5C286C62E50031C59C /* main.m in Sources */,
				86EEDB41286C6CFC002E6C29 /* NSObject+KitDemo.m in Sources */,
				86EEDB43286C6CFC002E6C29 /* HelpCenter.m in Sources */,
				86EEDB98286C7056002E6C29 /* ConversationController.m in Sources */,
				86EEDBAA286C94F3002E6C29 /* ZegoTabBarButton.m in Sources */,
			);
			runOnlyForDeploymentPostprocessing = 0;
		};
		86656F5D286C62E60031C59C /* Sources */ = {
			isa = PBXSourcesBuildPhase;
			buildActionMask = 2147483647;
			files = (
				86656F66286C62E60031C59C /* ZIMKitDemoTests.m in Sources */,
			);
			runOnlyForDeploymentPostprocessing = 0;
		};
		86656F67286C62E60031C59C /* Sources */ = {
			isa = PBXSourcesBuildPhase;
			buildActionMask = 2147483647;
			files = (
				86656F70286C62E60031C59C /* ZIMKitDemoUITests.m in Sources */,
				86656F72286C62E60031C59C /* ZIMKitDemoUITestsLaunchTests.m in Sources */,
			);
			runOnlyForDeploymentPostprocessing = 0;
		};
/* End PBXSourcesBuildPhase section */

/* Begin PBXTargetDependency section */
		86656F63286C62E60031C59C /* PBXTargetDependency */ = {
			isa = PBXTargetDependency;
			target = 86656F45286C62E40031C59C /* ZIMKitDemo */;
			targetProxy = 86656F62286C62E60031C59C /* PBXContainerItemProxy */;
		};
		86656F6D286C62E60031C59C /* PBXTargetDependency */ = {
			isa = PBXTargetDependency;
			target = 86656F45286C62E40031C59C /* ZIMKitDemo */;
			targetProxy = 86656F6C286C62E60031C59C /* PBXContainerItemProxy */;
		};
/* End PBXTargetDependency section */

/* Begin PBXVariantGroup section */
		86656F52286C62E40031C59C /* Main.storyboard */ = {
			isa = PBXVariantGroup;
			children = (
				86656F53286C62E40031C59C /* Base */,
				86EEDB2B286C6A16002E6C29 /* zh-Hans */,
			);
			name = Main.storyboard;
			sourceTree = "<group>";
		};
		86656F57286C62E50031C59C /* LaunchScreen.storyboard */ = {
			isa = PBXVariantGroup;
			children = (
				86656F58286C62E50031C59C /* Base */,
				86EEDB2C286C6A16002E6C29 /* zh-Hans */,
			);
			name = LaunchScreen.storyboard;
			sourceTree = "<group>";
		};
		86EEDB2A286C69F1002E6C29 /* ZIMKitDemoLocal.strings */ = {
			isa = PBXVariantGroup;
			children = (
				86EEDB29286C69F1002E6C29 /* en */,
				86EEDB2D286C6A16002E6C29 /* zh-Hans */,
			);
			name = ZIMKitDemoLocal.strings;
			sourceTree = "<group>";
		};
/* End PBXVariantGroup section */

/* Begin XCBuildConfiguration section */
		86656F73286C62E60031C59C /* Debug */ = {
			isa = XCBuildConfiguration;
			buildSettings = {
				ALWAYS_SEARCH_USER_PATHS = NO;
				CLANG_ANALYZER_LOCALIZABILITY_NONLOCALIZED = YES;
				CLANG_ANALYZER_NONNULL = YES;
				CLANG_ANALYZER_NUMBER_OBJECT_CONVERSION = YES_AGGRESSIVE;
				CLANG_CXX_LANGUAGE_STANDARD = "gnu++17";
				CLANG_CXX_LIBRARY = "libc++";
				CLANG_ENABLE_MODULES = YES;
				CLANG_ENABLE_OBJC_ARC = YES;
				CLANG_ENABLE_OBJC_WEAK = YES;
				CLANG_WARN_BLOCK_CAPTURE_AUTORELEASING = YES;
				CLANG_WARN_BOOL_CONVERSION = YES;
				CLANG_WARN_COMMA = YES;
				CLANG_WARN_CONSTANT_CONVERSION = YES;
				CLANG_WARN_DEPRECATED_OBJC_IMPLEMENTATIONS = YES;
				CLANG_WARN_DIRECT_OBJC_ISA_USAGE = YES_ERROR;
				CLANG_WARN_DOCUMENTATION_COMMENTS = YES;
				CLANG_WARN_EMPTY_BODY = YES;
				CLANG_WARN_ENUM_CONVERSION = YES;
				CLANG_WARN_INFINITE_RECURSION = YES;
				CLANG_WARN_INT_CONVERSION = YES;
				CLANG_WARN_NON_LITERAL_NULL_CONVERSION = YES;
				CLANG_WARN_OBJC_IMPLICIT_RETAIN_SELF = YES;
				CLANG_WARN_OBJC_LITERAL_CONVERSION = YES;
				CLANG_WARN_OBJC_ROOT_CLASS = YES_ERROR;
				CLANG_WARN_QUOTED_INCLUDE_IN_FRAMEWORK_HEADER = YES;
				CLANG_WARN_RANGE_LOOP_ANALYSIS = YES;
				CLANG_WARN_STRICT_PROTOTYPES = YES;
				CLANG_WARN_SUSPICIOUS_MOVE = YES;
				CLANG_WARN_UNGUARDED_AVAILABILITY = YES_AGGRESSIVE;
				CLANG_WARN_UNREACHABLE_CODE = YES;
				CLANG_WARN__DUPLICATE_METHOD_MATCH = YES;
				COPY_PHASE_STRIP = NO;
				DEBUG_INFORMATION_FORMAT = dwarf;
				ENABLE_STRICT_OBJC_MSGSEND = YES;
				ENABLE_TESTABILITY = YES;
				GCC_C_LANGUAGE_STANDARD = gnu11;
				GCC_DYNAMIC_NO_PIC = NO;
				GCC_NO_COMMON_BLOCKS = YES;
				GCC_OPTIMIZATION_LEVEL = 0;
				GCC_PREPROCESSOR_DEFINITIONS = (
					"DEBUG=1",
					"$(inherited)",
				);
				GCC_WARN_64_TO_32_BIT_CONVERSION = YES;
				GCC_WARN_ABOUT_RETURN_TYPE = YES_ERROR;
				GCC_WARN_UNDECLARED_SELECTOR = YES;
				GCC_WARN_UNINITIALIZED_AUTOS = YES_AGGRESSIVE;
				GCC_WARN_UNUSED_FUNCTION = YES;
				GCC_WARN_UNUSED_VARIABLE = YES;
				IPHONEOS_DEPLOYMENT_TARGET = 9.0;
				MTL_ENABLE_DEBUG_INFO = INCLUDE_SOURCE;
				MTL_FAST_MATH = YES;
				ONLY_ACTIVE_ARCH = YES;
				SDKROOT = iphoneos;
			};
			name = Debug;
		};
		86656F74286C62E60031C59C /* Release */ = {
			isa = XCBuildConfiguration;
			buildSettings = {
				ALWAYS_SEARCH_USER_PATHS = NO;
				CLANG_ANALYZER_LOCALIZABILITY_NONLOCALIZED = YES;
				CLANG_ANALYZER_NONNULL = YES;
				CLANG_ANALYZER_NUMBER_OBJECT_CONVERSION = YES_AGGRESSIVE;
				CLANG_CXX_LANGUAGE_STANDARD = "gnu++17";
				CLANG_CXX_LIBRARY = "libc++";
				CLANG_ENABLE_MODULES = YES;
				CLANG_ENABLE_OBJC_ARC = YES;
				CLANG_ENABLE_OBJC_WEAK = YES;
				CLANG_WARN_BLOCK_CAPTURE_AUTORELEASING = YES;
				CLANG_WARN_BOOL_CONVERSION = YES;
				CLANG_WARN_COMMA = YES;
				CLANG_WARN_CONSTANT_CONVERSION = YES;
				CLANG_WARN_DEPRECATED_OBJC_IMPLEMENTATIONS = YES;
				CLANG_WARN_DIRECT_OBJC_ISA_USAGE = YES_ERROR;
				CLANG_WARN_DOCUMENTATION_COMMENTS = YES;
				CLANG_WARN_EMPTY_BODY = YES;
				CLANG_WARN_ENUM_CONVERSION = YES;
				CLANG_WARN_INFINITE_RECURSION = YES;
				CLANG_WARN_INT_CONVERSION = YES;
				CLANG_WARN_NON_LITERAL_NULL_CONVERSION = YES;
				CLANG_WARN_OBJC_IMPLICIT_RETAIN_SELF = YES;
				CLANG_WARN_OBJC_LITERAL_CONVERSION = YES;
				CLANG_WARN_OBJC_ROOT_CLASS = YES_ERROR;
				CLANG_WARN_QUOTED_INCLUDE_IN_FRAMEWORK_HEADER = YES;
				CLANG_WARN_RANGE_LOOP_ANALYSIS = YES;
				CLANG_WARN_STRICT_PROTOTYPES = YES;
				CLANG_WARN_SUSPICIOUS_MOVE = YES;
				CLANG_WARN_UNGUARDED_AVAILABILITY = YES_AGGRESSIVE;
				CLANG_WARN_UNREACHABLE_CODE = YES;
				CLANG_WARN__DUPLICATE_METHOD_MATCH = YES;
				COPY_PHASE_STRIP = NO;
				DEBUG_INFORMATION_FORMAT = "dwarf-with-dsym";
				ENABLE_NS_ASSERTIONS = NO;
				ENABLE_STRICT_OBJC_MSGSEND = YES;
				GCC_C_LANGUAGE_STANDARD = gnu11;
				GCC_NO_COMMON_BLOCKS = YES;
				GCC_WARN_64_TO_32_BIT_CONVERSION = YES;
				GCC_WARN_ABOUT_RETURN_TYPE = YES_ERROR;
				GCC_WARN_UNDECLARED_SELECTOR = YES;
				GCC_WARN_UNINITIALIZED_AUTOS = YES_AGGRESSIVE;
				GCC_WARN_UNUSED_FUNCTION = YES;
				GCC_WARN_UNUSED_VARIABLE = YES;
				IPHONEOS_DEPLOYMENT_TARGET = 9.0;
				MTL_ENABLE_DEBUG_INFO = NO;
				MTL_FAST_MATH = YES;
				SDKROOT = iphoneos;
				VALIDATE_PRODUCT = YES;
			};
			name = Release;
		};
		86656F76286C62E60031C59C /* Debug */ = {
			isa = XCBuildConfiguration;
			baseConfigurationReference = F763D6D648C4B1C9DBA42F67 /* Pods-ZIMKitDemo.debug.xcconfig */;
			buildSettings = {
				ASSETCATALOG_COMPILER_APPICON_NAME = AppIcon;
				ASSETCATALOG_COMPILER_GLOBAL_ACCENT_COLOR_NAME = AccentColor;
				CODE_SIGN_STYLE = Automatic;
				CURRENT_PROJECT_VERSION = 57;
				DEVELOPMENT_TEAM = B82BHJ5H89;
				GCC_PREFIX_HEADER = ZIMKitDemo/ZIMKitDemoPrefixHeader.pch;
				GENERATE_INFOPLIST_FILE = YES;
				INFOPLIST_FILE = ZIMKitDemo/Info.plist;
				INFOPLIST_KEY_CFBundleDisplayName = ZIMKitDemo;
				INFOPLIST_KEY_NSPhotoLibraryUsageDescription = "ZIMKit want access Photo Library";
				INFOPLIST_KEY_UIApplicationSupportsIndirectInputEvents = YES;
				INFOPLIST_KEY_UILaunchStoryboardName = LaunchScreen;
				INFOPLIST_KEY_UIMainStoryboardFile = Main;
				INFOPLIST_KEY_UISupportedInterfaceOrientations = UIInterfaceOrientationPortrait;
				INFOPLIST_KEY_UISupportedInterfaceOrientations_iPad = "UIInterfaceOrientationPortrait UIInterfaceOrientationPortraitUpsideDown UIInterfaceOrientationLandscapeLeft UIInterfaceOrientationLandscapeRight";
				INFOPLIST_KEY_UISupportedInterfaceOrientations_iPhone = UIInterfaceOrientationPortrait;
				LD_RUNPATH_SEARCH_PATHS = (
					"$(inherited)",
					"@executable_path/Frameworks",
				);
				MARKETING_VERSION = 1.0;
				PRODUCT_BUNDLE_IDENTIFIER = ZIMKitDemo.zego.com;
				PRODUCT_NAME = "$(TARGET_NAME)";
				SWIFT_EMIT_LOC_STRINGS = YES;
				TARGETED_DEVICE_FAMILY = 1;
			};
			name = Debug;
		};
		86656F77286C62E60031C59C /* Release */ = {
			isa = XCBuildConfiguration;
			baseConfigurationReference = B3B4F0B15698C4BC5FB00C3C /* Pods-ZIMKitDemo.release.xcconfig */;
			buildSettings = {
				ASSETCATALOG_COMPILER_APPICON_NAME = AppIcon;
				ASSETCATALOG_COMPILER_GLOBAL_ACCENT_COLOR_NAME = AccentColor;
				CODE_SIGN_STYLE = Automatic;
				CURRENT_PROJECT_VERSION = 57;
				DEVELOPMENT_TEAM = B82BHJ5H89;
				GCC_PREFIX_HEADER = ZIMKitDemo/ZIMKitDemoPrefixHeader.pch;
				GENERATE_INFOPLIST_FILE = YES;
				INFOPLIST_FILE = ZIMKitDemo/Info.plist;
				INFOPLIST_KEY_CFBundleDisplayName = ZIMKitDemo;
				INFOPLIST_KEY_NSPhotoLibraryUsageDescription = "ZIMKit want access Photo Library";
				INFOPLIST_KEY_UIApplicationSupportsIndirectInputEvents = YES;
				INFOPLIST_KEY_UILaunchStoryboardName = LaunchScreen;
				INFOPLIST_KEY_UIMainStoryboardFile = Main;
				INFOPLIST_KEY_UISupportedInterfaceOrientations = UIInterfaceOrientationPortrait;
				INFOPLIST_KEY_UISupportedInterfaceOrientations_iPad = "UIInterfaceOrientationPortrait UIInterfaceOrientationPortraitUpsideDown UIInterfaceOrientationLandscapeLeft UIInterfaceOrientationLandscapeRight";
				INFOPLIST_KEY_UISupportedInterfaceOrientations_iPhone = UIInterfaceOrientationPortrait;
				LD_RUNPATH_SEARCH_PATHS = (
					"$(inherited)",
					"@executable_path/Frameworks",
				);
				MARKETING_VERSION = 1.0;
				PRODUCT_BUNDLE_IDENTIFIER = ZIMKitDemo.zego.com;
				PRODUCT_NAME = "$(TARGET_NAME)";
				SWIFT_EMIT_LOC_STRINGS = YES;
				TARGETED_DEVICE_FAMILY = 1;
			};
			name = Release;
		};
		86656F79286C62E60031C59C /* Debug */ = {
			isa = XCBuildConfiguration;
			buildSettings = {
				BUNDLE_LOADER = "$(TEST_HOST)";
				CODE_SIGN_STYLE = Automatic;
				CURRENT_PROJECT_VERSION = 1;
				DEVELOPMENT_TEAM = B82BHJ5H89;
				GENERATE_INFOPLIST_FILE = YES;
				IPHONEOS_DEPLOYMENT_TARGET = 15.2;
				MARKETING_VERSION = 1.0;
				PRODUCT_BUNDLE_IDENTIFIER = im.zego.ZIMKitDemoTests;
				PRODUCT_NAME = "$(TARGET_NAME)";
				SWIFT_EMIT_LOC_STRINGS = NO;
				TARGETED_DEVICE_FAMILY = "1,2";
				TEST_HOST = "$(BUILT_PRODUCTS_DIR)/ZIMKitDemo.app/ZIMKitDemo";
			};
			name = Debug;
		};
		86656F7A286C62E60031C59C /* Release */ = {
			isa = XCBuildConfiguration;
			buildSettings = {
				BUNDLE_LOADER = "$(TEST_HOST)";
				CODE_SIGN_STYLE = Automatic;
				CURRENT_PROJECT_VERSION = 1;
				DEVELOPMENT_TEAM = B82BHJ5H89;
				GENERATE_INFOPLIST_FILE = YES;
				IPHONEOS_DEPLOYMENT_TARGET = 15.2;
				MARKETING_VERSION = 1.0;
				PRODUCT_BUNDLE_IDENTIFIER = im.zego.ZIMKitDemoTests;
				PRODUCT_NAME = "$(TARGET_NAME)";
				SWIFT_EMIT_LOC_STRINGS = NO;
				TARGETED_DEVICE_FAMILY = "1,2";
				TEST_HOST = "$(BUILT_PRODUCTS_DIR)/ZIMKitDemo.app/ZIMKitDemo";
			};
			name = Release;
		};
		86656F7C286C62E60031C59C /* Debug */ = {
			isa = XCBuildConfiguration;
			buildSettings = {
				CODE_SIGN_STYLE = Automatic;
				CURRENT_PROJECT_VERSION = 1;
				DEVELOPMENT_TEAM = B82BHJ5H89;
				GENERATE_INFOPLIST_FILE = YES;
				MARKETING_VERSION = 1.0;
				PRODUCT_BUNDLE_IDENTIFIER = im.zego.ZIMKitDemoUITests;
				PRODUCT_NAME = "$(TARGET_NAME)";
				SWIFT_EMIT_LOC_STRINGS = NO;
				TARGETED_DEVICE_FAMILY = "1,2";
				TEST_TARGET_NAME = ZIMKitDemo;
			};
			name = Debug;
		};
		86656F7D286C62E60031C59C /* Release */ = {
			isa = XCBuildConfiguration;
			buildSettings = {
				CODE_SIGN_STYLE = Automatic;
				CURRENT_PROJECT_VERSION = 1;
				DEVELOPMENT_TEAM = B82BHJ5H89;
				GENERATE_INFOPLIST_FILE = YES;
				MARKETING_VERSION = 1.0;
				PRODUCT_BUNDLE_IDENTIFIER = im.zego.ZIMKitDemoUITests;
				PRODUCT_NAME = "$(TARGET_NAME)";
				SWIFT_EMIT_LOC_STRINGS = NO;
				TARGETED_DEVICE_FAMILY = "1,2";
				TEST_TARGET_NAME = ZIMKitDemo;
			};
			name = Release;
		};
/* End XCBuildConfiguration section */

/* Begin XCConfigurationList section */
		86656F41286C62E40031C59C /* Build configuration list for PBXProject "ZIMKitDemo" */ = {
			isa = XCConfigurationList;
			buildConfigurations = (
				86656F73286C62E60031C59C /* Debug */,
				86656F74286C62E60031C59C /* Release */,
			);
			defaultConfigurationIsVisible = 0;
			defaultConfigurationName = Release;
		};
		86656F75286C62E60031C59C /* Build configuration list for PBXNativeTarget "ZIMKitDemo" */ = {
			isa = XCConfigurationList;
			buildConfigurations = (
				86656F76286C62E60031C59C /* Debug */,
				86656F77286C62E60031C59C /* Release */,
			);
			defaultConfigurationIsVisible = 0;
			defaultConfigurationName = Release;
		};
		86656F78286C62E60031C59C /* Build configuration list for PBXNativeTarget "ZIMKitDemoTests" */ = {
			isa = XCConfigurationList;
			buildConfigurations = (
				86656F79286C62E60031C59C /* Debug */,
				86656F7A286C62E60031C59C /* Release */,
			);
			defaultConfigurationIsVisible = 0;
			defaultConfigurationName = Release;
		};
		86656F7B286C62E60031C59C /* Build configuration list for PBXNativeTarget "ZIMKitDemoUITests" */ = {
			isa = XCConfigurationList;
			buildConfigurations = (
				86656F7C286C62E60031C59C /* Debug */,
				86656F7D286C62E60031C59C /* Release */,
			);
			defaultConfigurationIsVisible = 0;
			defaultConfigurationName = Release;
		};
/* End XCConfigurationList section */
	};
	rootObject = 86656F3E286C62E40031C59C /* Project object */;
}
