PODS:
  - Bugly (2.5.91)
  - ZIMKit-OC (0.1.5.3)

DEPENDENCIES:
  - Bugly
  - ZIMKit-OC (from `../ZIMKit`)

SPEC REPOS:
  trunk:
    - Bugly

EXTERNAL SOURCES:
  ZIMKit-OC:
    :path: "../ZIMKit"

SPEC CHECKSUMS:
  Bugly: afe841bba2ea6de6d432a3c125240a5e75949c55
  ZIMKit-OC: 98a2042f6678a0da52da345eb4b8f4ba7a3a4e4b

PODFILE CHECKSUM: 657efe5da1f7f9465894ae94cd68b1336dc6dec8

COCOAPODS: 1.11.2
