PODS:
  - FBSnapshotTestCase (2.1.4):
    - FBSnapshotTestCase/SwiftSupport (= 2.1.4)
  - FBSnapshotTestCase/Core (2.1.4)
  - FBSnapshotTestCase/SwiftSupport (2.1.4):
    - FBSnapshotTestCase/Core
  - ZIMKit (0.1.0)

DEPENDENCIES:
  - FBSnapshotTestCase
  - ZIMKit (from `../`)

SPEC REPOS:
  trunk:
    - FBSnapshotTestCase

EXTERNAL SOURCES:
  ZIMKit:
    :path: "../"

SPEC CHECKSUMS:
  FBSnapshotTestCase: 094f9f314decbabe373b87cc339bea235a63e07a
  ZIMKit: a28d276b613659e9c43422fb7d16f82de86d139a

PODFILE CHECKSUM: a340e40b1612b8a25d47ca726fe3306cac72c2cd

COCOAPODS: 1.11.2
